
Microsoft Visual Studio Solution File, Format Version 12.00
# Visual Studio Version 16
VisualStudioVersion = 16.0.31702.278
MinimumVisualStudioVersion = 10.0.40219.1
Project("{FAE04EC0-301F-11D3-BF4B-00C04F79EFBC}") = "PizzaDeliveryServiceUI", "PizzaDeliveryServiceUI\PizzaDeliveryServiceUI.csproj", "{171766FB-97D6-44CB-8DA6-23473B5FEBC4}"
EndProject
Global
	GlobalSection(SolutionConfigurationPlatforms) = preSolution
		Debug|Any CPU = Debug|Any CPU
		Release|Any CPU = Release|Any CPU
	EndGlobalSection
	GlobalSection(ProjectConfigurationPlatforms) = postSolution
		{171766FB-97D6-44CB-8DA6-23473B5FEBC4}.Debug|Any CPU.ActiveCfg = Debug|Any CPU
		{171766FB-97D6-44CB-8DA6-23473B5FEBC4}.Debug|Any CPU.Build.0 = Debug|Any CPU
		{171766FB-97D6-44CB-8DA6-23473B5FEBC4}.Release|Any CPU.ActiveCfg = Release|Any CPU
		{171766FB-97D6-44CB-8DA6-23473B5FEBC4}.Release|Any CPU.Build.0 = Release|Any CPU
	EndGlobalSection
	GlobalSection(SolutionProperties) = preSolution
		HideSolutionNode = FALSE
	EndGlobalSection
	GlobalSection(ExtensibilityGlobals) = postSolution
		SolutionGuid = {4E03551C-68C4-4AD0-82AF-F3F1D6D780D0}
	EndGlobalSection
EndGlobal
